
Microsoft Visual Studio Solution File, Format Version 12.00
Project("{2150E333-8FDC-42A3-9474-1A3956D46DE8}") = "Domain", "src\Domain", "{7B4BD37D-33B6-4A0D-B153-C716B0C100C8}"
EndProject
Project("{FAE04EC0-301F-11D3-BF4B-00C04F79EFBC}") = "ToDo.Core", "Domain\ToDo.Core\ToDo.Core.csproj", "{498EE7B2-28DB-41C0-9A29-CA4AF64806D9}"
EndProject
Project("{FAE04EC0-301F-11D3-BF4B-00C04F79EFBC}") = "ToDo.Service", "Domain\ToDo.Service\ToDo.Service.csproj", "{52430DCA-8082-4607-B85E-8AD3A92B2848}"
EndProject
Project("{2150E333-8FDC-42A3-9474-1A3956D46DE8}") = "Presentation", "Presentation", "{7CDE0A57-30B9-41A9-A8F0-72780B9D6F5B}"
EndProject
Project("{FAE04EC0-301F-11D3-BF4B-00C04F79EFBC}") = "ToDo.App", "Presentation\ToDo.App\ToDo.App.csproj", "{B896C54E-2095-47C1-89BD-CA4A8D47B270}"
EndProject
Project("{FAE04EC0-301F-11D3-BF4B-00C04F79EFBC}") = "ToDo.Api.Host", "Presentation\ToDo.Api.Host\ToDo.Api.Host.csproj", "{CE394287-1A2F-4194-96D9-D15E165718B9}"
EndProject
Project("{FAE04EC0-301F-11D3-BF4B-00C04F79EFBC}") = "ToDo.Api.Contract", "Presentation\ToDo.Api.Contract\ToDo.Api.Contract.csproj", "{50CC322C-D081-4C5E-998A-BF302454AAB5}"
EndProject
Project("{FAE04EC0-301F-11D3-BF4B-00C04F79EFBC}") = "ToDo.ReadStore", "Domain\ToDo.ReadStore\ToDo.ReadStore.csproj", "{AC24F82B-A9BF-4800-818B-249F9B4C9DD1}"
EndProject
Project("{2150E333-8FDC-42A3-9474-1A3956D46DE8}") = "Infrastructure", "Infrastructure", "{83146DB4-992D-4B26-B88C-41C4970322A6}"
EndProject
Project("{FAE04EC0-301F-11D3-BF4B-00C04F79EFBC}") = "ToDo.ReadStore.EF", "Infrastructure\ToDo.ReadStore.EF\ToDo.ReadStore.EF.csproj", "{05CEF2D1-47BC-4B85-8A7B-411613915597}"
EndProject
Project("{FAE04EC0-301F-11D3-BF4B-00C04F79EFBC}") = "ToDo.Infrastructure", "Infrastructure\ToDo.Infrastructure\ToDo.Infrastructure.csproj", "{B7570FB3-99DD-429C-911E-07DBA818E4B4}"
EndProject
Project("{2150E333-8FDC-42A3-9474-1A3956D46DE8}") = "Client", "Client", "{A0D0359F-CA95-4884-BF14-11B15A85AE15}"
EndProject
Project("{FAE04EC0-301F-11D3-BF4B-00C04F79EFBC}") = "EventFlow.EventStores.EventStore", "Infrastructure\EventFlow.EventStores.EventStore\EventFlow.EventStores.EventStore.csproj", "{1B57B7D3-C101-4B32-A070-C87D5A3248CB}"
EndProject
Project("{FAE04EC0-301F-11D3-BF4B-00C04F79EFBC}") = "ToDo.Api.Client", "Client\ToDo.Api.Client\ToDo.Api.Client.csproj", "{9139B580-2378-4B7E-8BB9-1664BA90E144}"
EndProject
Project("{FAE04EC0-301F-11D3-BF4B-00C04F79EFBC}") = "ToDo.Service.Tests", "ToDo.Service.Tests\ToDo.Service.Tests.csproj", "{43C6A2C9-319B-4551-8FCE-02863D03E282}"
EndProject
Global
	GlobalSection(SolutionConfigurationPlatforms) = preSolution
		Debug|Any CPU = Debug|Any CPU
		Release|Any CPU = Release|Any CPU
	EndGlobalSection
	GlobalSection(ProjectConfigurationPlatforms) = postSolution
		{498EE7B2-28DB-41C0-9A29-CA4AF64806D9}.Debug|Any CPU.ActiveCfg = Debug|Any CPU
		{498EE7B2-28DB-41C0-9A29-CA4AF64806D9}.Debug|Any CPU.Build.0 = Debug|Any CPU
		{498EE7B2-28DB-41C0-9A29-CA4AF64806D9}.Release|Any CPU.ActiveCfg = Release|Any CPU
		{498EE7B2-28DB-41C0-9A29-CA4AF64806D9}.Release|Any CPU.Build.0 = Release|Any CPU
		{52430DCA-8082-4607-B85E-8AD3A92B2848}.Debug|Any CPU.ActiveCfg = Debug|Any CPU
		{52430DCA-8082-4607-B85E-8AD3A92B2848}.Debug|Any CPU.Build.0 = Debug|Any CPU
		{52430DCA-8082-4607-B85E-8AD3A92B2848}.Release|Any CPU.ActiveCfg = Release|Any CPU
		{52430DCA-8082-4607-B85E-8AD3A92B2848}.Release|Any CPU.Build.0 = Release|Any CPU
		{B896C54E-2095-47C1-89BD-CA4A8D47B270}.Debug|Any CPU.ActiveCfg = Debug|Any CPU
		{B896C54E-2095-47C1-89BD-CA4A8D47B270}.Debug|Any CPU.Build.0 = Debug|Any CPU
		{B896C54E-2095-47C1-89BD-CA4A8D47B270}.Release|Any CPU.ActiveCfg = Release|Any CPU
		{B896C54E-2095-47C1-89BD-CA4A8D47B270}.Release|Any CPU.Build.0 = Release|Any CPU
		{CE394287-1A2F-4194-96D9-D15E165718B9}.Debug|Any CPU.ActiveCfg = Debug|Any CPU
		{CE394287-1A2F-4194-96D9-D15E165718B9}.Debug|Any CPU.Build.0 = Debug|Any CPU
		{CE394287-1A2F-4194-96D9-D15E165718B9}.Release|Any CPU.ActiveCfg = Release|Any CPU
		{CE394287-1A2F-4194-96D9-D15E165718B9}.Release|Any CPU.Build.0 = Release|Any CPU
		{50CC322C-D081-4C5E-998A-BF302454AAB5}.Debug|Any CPU.ActiveCfg = Debug|Any CPU
		{50CC322C-D081-4C5E-998A-BF302454AAB5}.Debug|Any CPU.Build.0 = Debug|Any CPU
		{50CC322C-D081-4C5E-998A-BF302454AAB5}.Release|Any CPU.ActiveCfg = Release|Any CPU
		{50CC322C-D081-4C5E-998A-BF302454AAB5}.Release|Any CPU.Build.0 = Release|Any CPU
		{AC24F82B-A9BF-4800-818B-249F9B4C9DD1}.Debug|Any CPU.ActiveCfg = Debug|Any CPU
		{AC24F82B-A9BF-4800-818B-249F9B4C9DD1}.Debug|Any CPU.Build.0 = Debug|Any CPU
		{AC24F82B-A9BF-4800-818B-249F9B4C9DD1}.Release|Any CPU.ActiveCfg = Release|Any CPU
		{AC24F82B-A9BF-4800-818B-249F9B4C9DD1}.Release|Any CPU.Build.0 = Release|Any CPU
		{05CEF2D1-47BC-4B85-8A7B-411613915597}.Debug|Any CPU.ActiveCfg = Debug|Any CPU
		{05CEF2D1-47BC-4B85-8A7B-411613915597}.Debug|Any CPU.Build.0 = Debug|Any CPU
		{05CEF2D1-47BC-4B85-8A7B-411613915597}.Release|Any CPU.ActiveCfg = Release|Any CPU
		{05CEF2D1-47BC-4B85-8A7B-411613915597}.Release|Any CPU.Build.0 = Release|Any CPU
		{B7570FB3-99DD-429C-911E-07DBA818E4B4}.Debug|Any CPU.ActiveCfg = Debug|Any CPU
		{B7570FB3-99DD-429C-911E-07DBA818E4B4}.Debug|Any CPU.Build.0 = Debug|Any CPU
		{B7570FB3-99DD-429C-911E-07DBA818E4B4}.Release|Any CPU.ActiveCfg = Release|Any CPU
		{B7570FB3-99DD-429C-911E-07DBA818E4B4}.Release|Any CPU.Build.0 = Release|Any CPU
		{1B57B7D3-C101-4B32-A070-C87D5A3248CB}.Debug|Any CPU.ActiveCfg = Debug|Any CPU
		{1B57B7D3-C101-4B32-A070-C87D5A3248CB}.Debug|Any CPU.Build.0 = Debug|Any CPU
		{1B57B7D3-C101-4B32-A070-C87D5A3248CB}.Release|Any CPU.ActiveCfg = Release|Any CPU
		{1B57B7D3-C101-4B32-A070-C87D5A3248CB}.Release|Any CPU.Build.0 = Release|Any CPU
		{9139B580-2378-4B7E-8BB9-1664BA90E144}.Debug|Any CPU.ActiveCfg = Debug|Any CPU
		{9139B580-2378-4B7E-8BB9-1664BA90E144}.Debug|Any CPU.Build.0 = Debug|Any CPU
		{9139B580-2378-4B7E-8BB9-1664BA90E144}.Release|Any CPU.ActiveCfg = Release|Any CPU
		{9139B580-2378-4B7E-8BB9-1664BA90E144}.Release|Any CPU.Build.0 = Release|Any CPU
		{43C6A2C9-319B-4551-8FCE-02863D03E282}.Debug|Any CPU.ActiveCfg = Debug|Any CPU
		{43C6A2C9-319B-4551-8FCE-02863D03E282}.Debug|Any CPU.Build.0 = Debug|Any CPU
		{43C6A2C9-319B-4551-8FCE-02863D03E282}.Release|Any CPU.ActiveCfg = Release|Any CPU
		{43C6A2C9-319B-4551-8FCE-02863D03E282}.Release|Any CPU.Build.0 = Release|Any CPU
	EndGlobalSection
	GlobalSection(NestedProjects) = preSolution
		{498EE7B2-28DB-41C0-9A29-CA4AF64806D9} = {7B4BD37D-33B6-4A0D-B153-C716B0C100C8}
		{52430DCA-8082-4607-B85E-8AD3A92B2848} = {7B4BD37D-33B6-4A0D-B153-C716B0C100C8}
		{B896C54E-2095-47C1-89BD-CA4A8D47B270} = {7CDE0A57-30B9-41A9-A8F0-72780B9D6F5B}
		{CE394287-1A2F-4194-96D9-D15E165718B9} = {7CDE0A57-30B9-41A9-A8F0-72780B9D6F5B}
		{50CC322C-D081-4C5E-998A-BF302454AAB5} = {7CDE0A57-30B9-41A9-A8F0-72780B9D6F5B}
		{AC24F82B-A9BF-4800-818B-249F9B4C9DD1} = {7B4BD37D-33B6-4A0D-B153-C716B0C100C8}
		{05CEF2D1-47BC-4B85-8A7B-411613915597} = {83146DB4-992D-4B26-B88C-41C4970322A6}
		{B7570FB3-99DD-429C-911E-07DBA818E4B4} = {83146DB4-992D-4B26-B88C-41C4970322A6}
		{1B57B7D3-C101-4B32-A070-C87D5A3248CB} = {83146DB4-992D-4B26-B88C-41C4970322A6}
		{9139B580-2378-4B7E-8BB9-1664BA90E144} = {A0D0359F-CA95-4884-BF14-11B15A85AE15}
		{43C6A2C9-319B-4551-8FCE-02863D03E282} = {7B4BD37D-33B6-4A0D-B153-C716B0C100C8}
	EndGlobalSection
EndGlobal
